<?xml version="1.0" encoding="UTF-8" standalone="yes" ?>
<CodeBlocks_project_file>
	<FileVersion major="1" minor="6" />
	<Project>
		<Option title="gradeanalyzer" />
		<Option pch_mode="2" />
		<Option compiler="gcc" />
		<Build>
			<Target title="Debug">
				<Option output="bin/Debug/gradeanalyzer" prefix_auto="1" extension_auto="1" />
				<Option object_output="obj/Debug/" />
				<Option type="1" />
				<Option compiler="gcc" />
				<Compiler>
					<Add option="-g" />
					<Add directory="include" />
					<Add directory="./" />
					<Add directory="model" />
					<Add directory="io" />
					<Add directory="controller" />
				</Compiler>
			</Target>
		</Build>
		<Compiler>
			<Add option="-Wall" />
			<Add option="-fexceptions" />
		</Compiler>
		<Unit filename="controller/StudentImportController.cpp" />
		<Unit filename="controller/StudentImportController.h" />
		<Unit filename="io/FileReader.cpp" />
		<Unit filename="io/FileReader.h" />
		<Unit filename="main.cpp" />
		<Unit filename="model/Roster.cpp" />
		<Unit filename="model/Roster.h" />
		<Unit filename="model/Student.cpp" />
		<Unit filename="model/Student.h" />
		<Extensions>
			<code_completion />
			<debugger />
		</Extensions>
	</Project>
</CodeBlocks_project_file>
